
Microsoft Visual Studio Solution File, Format Version 12.00
# Visual Studio Version 17
VisualStudioVersion = 17.14.36109.1 d17.14
MinimumVisualStudioVersion = 10.0.40219.1
Project("{FAE04EC0-301F-11D3-BF4B-00C04F79EFBC}") = "CrudNetMVC", "CrudNetMVC\CrudNetMVC.csproj", "{1219DEF6-990A-4BDE-9542-5033FEB310E5}"
EndProject
Global
	GlobalSection(SolutionConfigurationPlatforms) = preSolution
		Debug|Any CPU = Debug|Any CPU
		Release|Any CPU = Release|Any CPU
	EndGlobalSection
	GlobalSection(ProjectConfigurationPlatforms) = postSolution
		{1219DEF6-990A-4BDE-9542-5033FEB310E5}.Debug|Any CPU.ActiveCfg = Debug|Any CPU
		{1219DEF6-990A-4BDE-9542-5033FEB310E5}.Debug|Any CPU.Build.0 = Debug|Any CPU
		{1219DEF6-990A-4BDE-9542-5033FEB310E5}.Release|Any CPU.ActiveCfg = Release|Any CPU
		{1219DEF6-990A-4BDE-9542-5033FEB310E5}.Release|Any CPU.Build.0 = Release|Any CPU
	EndGlobalSection
	GlobalSection(SolutionProperties) = preSolution
		HideSolutionNode = FALSE
	EndGlobalSection
	GlobalSection(ExtensibilityGlobals) = postSolution
		SolutionGuid = {C60339C9-ADA8-487C-AF26-A429A5D30CF3}
	EndGlobalSection
EndGlobal
